
Microsoft Visual Studio Solution File, Format Version 12.00
# Visual Studio 14
VisualStudioVersion = 14.0.24720.0
MinimumVisualStudioVersion = 10.0.40219.1
Project("{2150E333-8FDC-42A3-9474-1A3956D46DE8}") = ".paket", ".paket", "{06B7D612-2DF6-41F4-B6BD-CCAFAB8FA5ED}"
	ProjectSection(SolutionItems) = preProject
		paket.dependencies = paket.dependencies
	EndProjectSection
EndProject
Project("{F2A71F9B-5D33-465A-A702-920D77279786}") = "UserService", "UserService\UserService.fsproj", "{2AF809DA-226C-4D03-8DF2-00DAD3595E41}"
EndProject
Project("{F2A71F9B-5D33-465A-A702-920D77279786}") = "UserService.Tests", "UserService.Tests\UserService.Tests.fsproj", "{5F78F1F7-5EC3-43A6-A87F-05D48F305DC8}"
EndProject
Project("{2150E333-8FDC-42A3-9474-1A3956D46DE8}") = "Solution Items", "Solution Items", "{1E43582D-7D09-4F4E-947E-E29D3A7D09AA}"
	ProjectSection(SolutionItems) = preProject
		build.fsx = build.fsx
		precommit.ps1 = precommit.ps1
	EndProjectSection
EndProject
Global
	GlobalSection(SolutionConfigurationPlatforms) = preSolution
		Debug|Any CPU = Debug|Any CPU
		Release|Any CPU = Release|Any CPU
	EndGlobalSection
	GlobalSection(ProjectConfigurationPlatforms) = postSolution
		{2AF809DA-226C-4D03-8DF2-00DAD3595E41}.Debug|Any CPU.ActiveCfg = Debug|Any CPU
		{2AF809DA-226C-4D03-8DF2-00DAD3595E41}.Debug|Any CPU.Build.0 = Debug|Any CPU
		{2AF809DA-226C-4D03-8DF2-00DAD3595E41}.Release|Any CPU.ActiveCfg = Release|Any CPU
		{2AF809DA-226C-4D03-8DF2-00DAD3595E41}.Release|Any CPU.Build.0 = Release|Any CPU
		{5F78F1F7-5EC3-43A6-A87F-05D48F305DC8}.Debug|Any CPU.ActiveCfg = Debug|Any CPU
		{5F78F1F7-5EC3-43A6-A87F-05D48F305DC8}.Debug|Any CPU.Build.0 = Debug|Any CPU
		{5F78F1F7-5EC3-43A6-A87F-05D48F305DC8}.Release|Any CPU.ActiveCfg = Release|Any CPU
		{5F78F1F7-5EC3-43A6-A87F-05D48F305DC8}.Release|Any CPU.Build.0 = Release|Any CPU
	EndGlobalSection
	GlobalSection(SolutionProperties) = preSolution
		HideSolutionNode = FALSE
	EndGlobalSection
EndGlobal
